// !$*UTF8*$!
{
	archiveVersion = 1;
	classes = {
	};
	objectVersion = 50;
	objects = {

/* Begin PBXBuildFile section */
		AFBB5120243A1A9700D38E6E /* AppDelegate.swift in Sources */ = {isa = PBXBuildFile; fileRef = AFBB511F243A1A9700D38E6E /* AppDelegate.swift */; };
		AFBB5122243A1A9700D38E6E /* SceneDelegate.swift in Sources */ = {isa = PBXBuildFile; fileRef = AFBB5121243A1A9700D38E6E /* SceneDelegate.swift */; };
		AFBB5124243A1A9700D38E6E /* ContentView.swift in Sources */ = {isa = PBXBuildFile; fileRef = AFBB5123243A1A9700D38E6E /* ContentView.swift */; };
		AFBB5126243A1A9A00D38E6E /* Assets.xcassets in Resources */ = {isa = PBXBuildFile; fileRef = AFBB5125243A1A9A00D38E6E /* Assets.xcassets */; };
		AFBB5129243A1A9A00D38E6E /* Preview Assets.xcassets in Resources */ = {isa = PBXBuildFile; fileRef = AFBB5128243A1A9A00D38E6E /* Preview Assets.xcassets */; };
		AFBB512C243A1A9A00D38E6E /* LaunchScreen.storyboard in Resources */ = {isa = PBXBuildFile; fileRef = AFBB512A243A1A9A00D38E6E /* LaunchScreen.storyboard */; };
		AFBB5137243A1D4300D38E6E /* .gitignore in Resources */ = {isa = PBXBuildFile; fileRef = AFBB5136243A1D4300D38E6E /* .gitignore */; };
		AFBB513D243A1FD400D38E6E /* AccountView.swift in Sources */ = {isa = PBXBuildFile; fileRef = AFBB513C243A1FD400D38E6E /* AccountView.swift */; };
		AFBB513F243A293F00D38E6E /* PunchCardView.swift in Sources */ = {isa = PBXBuildFile; fileRef = AFBB513E243A293F00D38E6E /* PunchCardView.swift */; };
		AFBB5141243A31CC00D38E6E /* RecordView.swift in Sources */ = {isa = PBXBuildFile; fileRef = AFBB5140243A31CC00D38E6E /* RecordView.swift */; };
/* End PBXBuildFile section */

/* Begin PBXFileReference section */
		AFBB511C243A1A9700D38E6E /* BluetoothPunchCard.app */ = {isa = PBXFileReference; explicitFileType = wrapper.application; includeInIndex = 0; path = BluetoothPunchCard.app; sourceTree = BUILT_PRODUCTS_DIR; };
		AFBB511F243A1A9700D38E6E /* AppDelegate.swift */ = {isa = PBXFileReference; lastKnownFileType = sourcecode.swift; path = AppDelegate.swift; sourceTree = "<group>"; };
		AFBB5121243A1A9700D38E6E /* SceneDelegate.swift */ = {isa = PBXFileReference; lastKnownFileType = sourcecode.swift; path = SceneDelegate.swift; sourceTree = "<group>"; };
		AFBB5123243A1A9700D38E6E /* ContentView.swift */ = {isa = PBXFileReference; lastKnownFileType = sourcecode.swift; path = ContentView.swift; sourceTree = "<group>"; };
		AFBB5125243A1A9A00D38E6E /* Assets.xcassets */ = {isa = PBXFileReference; lastKnownFileType = folder.assetcatalog; path = Assets.xcassets; sourceTree = "<group>"; };
		AFBB5128243A1A9A00D38E6E /* Preview Assets.xcassets */ = {isa = PBXFileReference; lastKnownFileType = folder.assetcatalog; path = "Preview Assets.xcassets"; sourceTree = "<group>"; };
		AFBB512B243A1A9A00D38E6E /* Base */ = {isa = PBXFileReference; lastKnownFileType = file.storyboard; name = Base; path = Base.lproj/LaunchScreen.storyboard; sourceTree = "<group>"; };
		AFBB512D243A1A9A00D38E6E /* Info.plist */ = {isa = PBXFileReference; lastKnownFileType = text.plist.xml; path = Info.plist; sourceTree = "<group>"; };
		AFBB5133243A1AC100D38E6E /* README.md */ = {isa = PBXFileReference; lastKnownFileType = net.daringfireball.markdown; path = README.md; sourceTree = "<group>"; };
		AFBB5136243A1D4300D38E6E /* .gitignore */ = {isa = PBXFileReference; fileEncoding = 4; lastKnownFileType = text; path = .gitignore; sourceTree = "<group>"; };
		AFBB513C243A1FD400D38E6E /* AccountView.swift */ = {isa = PBXFileReference; lastKnownFileType = sourcecode.swift; path = AccountView.swift; sourceTree = "<group>"; };
		AFBB513E243A293F00D38E6E /* PunchCardView.swift */ = {isa = PBXFileReference; lastKnownFileType = sourcecode.swift; path = PunchCardView.swift; sourceTree = "<group>"; };
		AFBB5140243A31CC00D38E6E /* RecordView.swift */ = {isa = PBXFileReference; lastKnownFileType = sourcecode.swift; path = RecordView.swift; sourceTree = "<group>"; };
/* End PBXFileReference section */

/* Begin PBXFrameworksBuildPhase section */
		AFBB5119243A1A9700D38E6E /* Frameworks */ = {
			isa = PBXFrameworksBuildPhase;
			buildActionMask = 2147483647;
			files = (
			);
			runOnlyForDeploymentPostprocessing = 0;
		};
/* End PBXFrameworksBuildPhase section */

/* Begin PBXGroup section */
		AFBB5113243A1A9700D38E6E = {
			isa = PBXGroup;
			children = (
				AFBB511E243A1A9700D38E6E /* BluetoothPunchCard */,
				AFBB511D243A1A9700D38E6E /* Products */,
			);
			sourceTree = "<group>";
		};
		AFBB511D243A1A9700D38E6E /* Products */ = {
			isa = PBXGroup;
			children = (
				AFBB511C243A1A9700D38E6E /* BluetoothPunchCard.app */,
			);
			name = Products;
			sourceTree = "<group>";
		};
		AFBB511E243A1A9700D38E6E /* BluetoothPunchCard */ = {
			isa = PBXGroup;
			children = (
				AFBB513B243A1FB500D38E6E /* PunchCard */,
				AFBB5139243A1FA200D38E6E /* Record */,
				AFBB513A243A1FB000D38E6E /* Account */,
				AFBB5135243A1B9200D38E6E /* Supportings */,
				AFBB5127243A1A9A00D38E6E /* Preview Content */,
				AFBB5123243A1A9700D38E6E /* ContentView.swift */,
				AFBB512A243A1A9A00D38E6E /* LaunchScreen.storyboard */,
				AFBB512D243A1A9A00D38E6E /* Info.plist */,
				AFBB5133243A1AC100D38E6E /* README.md */,
				AFBB5136243A1D4300D38E6E /* .gitignore */,
			);
			path = BluetoothPunchCard;
			sourceTree = "<group>";
		};
		AFBB5127243A1A9A00D38E6E /* Preview Content */ = {
			isa = PBXGroup;
			children = (
				AFBB5128243A1A9A00D38E6E /* Preview Assets.xcassets */,
			);
			path = "Preview Content";
			sourceTree = "<group>";
		};
		AFBB5135243A1B9200D38E6E /* Supportings */ = {
			isa = PBXGroup;
			children = (
				AFBB5125243A1A9A00D38E6E /* Assets.xcassets */,
				AFBB511F243A1A9700D38E6E /* AppDelegate.swift */,
				AFBB5121243A1A9700D38E6E /* SceneDelegate.swift */,
			);
			path = Supportings;
			sourceTree = "<group>";
		};
		AFBB5139243A1FA200D38E6E /* Record */ = {
			isa = PBXGroup;
			children = (
				AFBB5140243A31CC00D38E6E /* RecordView.swift */,
			);
			path = Record;
			sourceTree = "<group>";
		};
		AFBB513A243A1FB000D38E6E /* Account */ = {
			isa = PBXGroup;
			children = (
				AFBB513C243A1FD400D38E6E /* AccountView.swift */,
			);
			path = Account;
			sourceTree = "<group>";
		};
		AFBB513B243A1FB500D38E6E /* PunchCard */ = {
			isa = PBXGroup;
			children = (
				AFBB513E243A293F00D38E6E /* PunchCardView.swift */,
			);
			path = PunchCard;
			sourceTree = "<group>";
		};
/* End PBXGroup section */

/* Begin PBXNativeTarget section */
		AFBB511B243A1A9700D38E6E /* BluetoothPunchCard */ = {
			isa = PBXNativeTarget;
			buildConfigurationList = AFBB5130243A1A9A00D38E6E /* Build configuration list for PBXNativeTarget "BluetoothPunchCard" */;
			buildPhases = (
				AFBB5118243A1A9700D38E6E /* Sources */,
				AFBB5119243A1A9700D38E6E /* Frameworks */,
				AFBB511A243A1A9700D38E6E /* Resources */,
			);
			buildRules = (
			);
			dependencies = (
			);
			name = BluetoothPunchCard;
			productName = BluetoothPunchCard;
			productReference = AFBB511C243A1A9700D38E6E /* BluetoothPunchCard.app */;
			productType = "com.apple.product-type.application";
		};
/* End PBXNativeTarget section */

/* Begin PBXProject section */
		AFBB5114243A1A9700D38E6E /* Project object */ = {
			isa = PBXProject;
			attributes = {
				LastSwiftUpdateCheck = 1130;
				LastUpgradeCheck = 1130;
				ORGANIZATIONNAME = LiaoGuoYin;
				TargetAttributes = {
					AFBB511B243A1A9700D38E6E = {
						CreatedOnToolsVersion = 11.3.1;
					};
				};
			};
			buildConfigurationList = AFBB5117243A1A9700D38E6E /* Build configuration list for PBXProject "BluetoothPunchCard" */;
			compatibilityVersion = "Xcode 9.3";
			developmentRegion = en;
			hasScannedForEncodings = 0;
			knownRegions = (
				en,
				Base,
			);
			mainGroup = AFBB5113243A1A9700D38E6E;
			productRefGroup = AFBB511D243A1A9700D38E6E /* Products */;
			projectDirPath = "";
			projectRoot = "";
			targets = (
				AFBB511B243A1A9700D38E6E /* BluetoothPunchCard */,
			);
		};
/* End PBXProject section */

/* Begin PBXResourcesBuildPhase section */
		AFBB511A243A1A9700D38E6E /* Resources */ = {
			isa = PBXResourcesBuildPhase;
			buildActionMask = 2147483647;
			files = (
				AFBB5137243A1D4300D38E6E /* .gitignore in Resources */,
				AFBB512C243A1A9A00D38E6E /* LaunchScreen.storyboard in Resources */,
				AFBB5129243A1A9A00D38E6E /* Preview Assets.xcassets in Resources */,
				AFBB5126243A1A9A00D38E6E /* Assets.xcassets in Resources */,
			);
			runOnlyForDeploymentPostprocessing = 0;
		};
/* End PBXResourcesBuildPhase section */

/* Begin PBXSourcesBuildPhase section */
		AFBB5118243A1A9700D38E6E /* Sources */ = {
			isa = PBXSourcesBuildPhase;
			buildActionMask = 2147483647;
			files = (
				AFBB513F243A293F00D38E6E /* PunchCardView.swift in Sources */,
				AFBB5141243A31CC00D38E6E /* RecordView.swift in Sources */,
				AFBB513D243A1FD400D38E6E /* AccountView.swift in Sources */,
				AFBB5120243A1A9700D38E6E /* AppDelegate.swift in Sources */,
				AFBB5122243A1A9700D38E6E /* SceneDelegate.swift in Sources */,
				AFBB5124243A1A9700D38E6E /* ContentView.swift in Sources */,
			);
			runOnlyForDeploymentPostprocessing = 0;
		};
/* End PBXSourcesBuildPhase section */

/* Begin PBXVariantGroup section */
		AFBB512A243A1A9A00D38E6E /* LaunchScreen.storyboard */ = {
			isa = PBXVariantGroup;
			children = (
				AFBB512B243A1A9A00D38E6E /* Base */,
			);
			name = LaunchScreen.storyboard;
			sourceTree = "<group>";
		};
/* End PBXVariantGroup section */

/* Begin XCBuildConfiguration section */
		AFBB512E243A1A9A00D38E6E /* Debug */ = {
			isa = XCBuildConfiguration;
			buildSettings = {
				ALWAYS_SEARCH_USER_PATHS = NO;
				CLANG_ANALYZER_NONNULL = YES;
				CLANG_ANALYZER_NUMBER_OBJECT_CONVERSION = YES_AGGRESSIVE;
				CLANG_CXX_LANGUAGE_STANDARD = "gnu++14";
				CLANG_CXX_LIBRARY = "libc++";
				CLANG_ENABLE_MODULES = YES;
				CLANG_ENABLE_OBJC_ARC = YES;
				CLANG_ENABLE_OBJC_WEAK = YES;
				CLANG_WARN_BLOCK_CAPTURE_AUTORELEASING = YES;
				CLANG_WARN_BOOL_CONVERSION = YES;
				CLANG_WARN_COMMA = YES;
				CLANG_WARN_CONSTANT_CONVERSION = YES;
				CLANG_WARN_DEPRECATED_OBJC_IMPLEMENTATIONS = YES;
				CLANG_WARN_DIRECT_OBJC_ISA_USAGE = YES_ERROR;
				CLANG_WARN_DOCUMENTATION_COMMENTS = YES;
				CLANG_WARN_EMPTY_BODY = YES;
				CLANG_WARN_ENUM_CONVERSION = YES;
				CLANG_WARN_INFINITE_RECURSION = YES;
				CLANG_WARN_INT_CONVERSION = YES;
				CLANG_WARN_NON_LITERAL_NULL_CONVERSION = YES;
				CLANG_WARN_OBJC_IMPLICIT_RETAIN_SELF = YES;
				CLANG_WARN_OBJC_LITERAL_CONVERSION = YES;
				CLANG_WARN_OBJC_ROOT_CLASS = YES_ERROR;
				CLANG_WARN_RANGE_LOOP_ANALYSIS = YES;
				CLANG_WARN_STRICT_PROTOTYPES = YES;
				CLANG_WARN_SUSPICIOUS_MOVE = YES;
				CLANG_WARN_UNGUARDED_AVAILABILITY = YES_AGGRESSIVE;
				CLANG_WARN_UNREACHABLE_CODE = YES;
				CLANG_WARN__DUPLICATE_METHOD_MATCH = YES;
				COPY_PHASE_STRIP = NO;
				DEBUG_INFORMATION_FORMAT = dwarf;
				ENABLE_STRICT_OBJC_MSGSEND = YES;
				ENABLE_TESTABILITY = YES;
				GCC_C_LANGUAGE_STANDARD = gnu11;
				GCC_DYNAMIC_NO_PIC = NO;
				GCC_NO_COMMON_BLOCKS = YES;
				GCC_OPTIMIZATION_LEVEL = 0;
				GCC_PREPROCESSOR_DEFINITIONS = (
					"DEBUG=1",
					"$(inherited)",
				);
				GCC_WARN_64_TO_32_BIT_CONVERSION = YES;
				GCC_WARN_ABOUT_RETURN_TYPE = YES_ERROR;
				GCC_WARN_UNDECLARED_SELECTOR = YES;
				GCC_WARN_UNINITIALIZED_AUTOS = YES_AGGRESSIVE;
				GCC_WARN_UNUSED_FUNCTION = YES;
				GCC_WARN_UNUSED_VARIABLE = YES;
				IPHONEOS_DEPLOYMENT_TARGET = 13.0;
				MTL_ENABLE_DEBUG_INFO = INCLUDE_SOURCE;
				MTL_FAST_MATH = YES;
				ONLY_ACTIVE_ARCH = YES;
				SDKROOT = iphoneos;
				SWIFT_ACTIVE_COMPILATION_CONDITIONS = DEBUG;
				SWIFT_OPTIMIZATION_LEVEL = "-Onone";
			};
			name = Debug;
		};
		AFBB512F243A1A9A00D38E6E /* Release */ = {
			isa = XCBuildConfiguration;
			buildSettings = {
				ALWAYS_SEARCH_USER_PATHS = NO;
				CLANG_ANALYZER_NONNULL = YES;
				CLANG_ANALYZER_NUMBER_OBJECT_CONVERSION = YES_AGGRESSIVE;
				CLANG_CXX_LANGUAGE_STANDARD = "gnu++14";
				CLANG_CXX_LIBRARY = "libc++";
				CLANG_ENABLE_MODULES = YES;
				CLANG_ENABLE_OBJC_ARC = YES;
				CLANG_ENABLE_OBJC_WEAK = YES;
				CLANG_WARN_BLOCK_CAPTURE_AUTORELEASING = YES;
				CLANG_WARN_BOOL_CONVERSION = YES;
				CLANG_WARN_COMMA = YES;
				CLANG_WARN_CONSTANT_CONVERSION = YES;
				CLANG_WARN_DEPRECATED_OBJC_IMPLEMENTATIONS = YES;
				CLANG_WARN_DIRECT_OBJC_ISA_USAGE = YES_ERROR;
				CLANG_WARN_DOCUMENTATION_COMMENTS = YES;
				CLANG_WARN_EMPTY_BODY = YES;
				CLANG_WARN_ENUM_CONVERSION = YES;
				CLANG_WARN_INFINITE_RECURSION = YES;
				CLANG_WARN_INT_CONVERSION = YES;
				CLANG_WARN_NON_LITERAL_NULL_CONVERSION = YES;
				CLANG_WARN_OBJC_IMPLICIT_RETAIN_SELF = YES;
				CLANG_WARN_OBJC_LITERAL_CONVERSION = YES;
				CLANG_WARN_OBJC_ROOT_CLASS = YES_ERROR;
				CLANG_WARN_RANGE_LOOP_ANALYSIS = YES;
				CLANG_WARN_STRICT_PROTOTYPES = YES;
				CLANG_WARN_SUSPICIOUS_MOVE = YES;
				CLANG_WARN_UNGUARDED_AVAILABILITY = YES_AGGRESSIVE;
				CLANG_WARN_UNREACHABLE_CODE = YES;
				CLANG_WARN__DUPLICATE_METHOD_MATCH = YES;
				COPY_PHASE_STRIP = NO;
				DEBUG_INFORMATION_FORMAT = "dwarf-with-dsym";
				ENABLE_NS_ASSERTIONS = NO;
				ENABLE_STRICT_OBJC_MSGSEND = YES;
				GCC_C_LANGUAGE_STANDARD = gnu11;
				GCC_NO_COMMON_BLOCKS = YES;
				GCC_WARN_64_TO_32_BIT_CONVERSION = YES;
				GCC_WARN_ABOUT_RETURN_TYPE = YES_ERROR;
				GCC_WARN_UNDECLARED_SELECTOR = YES;
				GCC_WARN_UNINITIALIZED_AUTOS = YES_AGGRESSIVE;
				GCC_WARN_UNUSED_FUNCTION = YES;
				GCC_WARN_UNUSED_VARIABLE = YES;
				IPHONEOS_DEPLOYMENT_TARGET = 13.0;
				MTL_ENABLE_DEBUG_INFO = NO;
				MTL_FAST_MATH = YES;
				SDKROOT = iphoneos;
				SWIFT_COMPILATION_MODE = wholemodule;
				SWIFT_OPTIMIZATION_LEVEL = "-O";
				VALIDATE_PRODUCT = YES;
			};
			name = Release;
		};
		AFBB5131243A1A9A00D38E6E /* Debug */ = {
			isa = XCBuildConfiguration;
			buildSettings = {
				ASSETCATALOG_COMPILER_APPICON_NAME = AppIcon;
				CODE_SIGN_STYLE = Automatic;
				DEVELOPMENT_ASSET_PATHS = "\"BluetoothPunchCard/Preview Content\"";
				DEVELOPMENT_TEAM = 9U62MV7448;
				ENABLE_PREVIEWS = YES;
				INFOPLIST_FILE = BluetoothPunchCard/Info.plist;
				IPHONEOS_DEPLOYMENT_TARGET = 13.0;
				LD_RUNPATH_SEARCH_PATHS = (
					"$(inherited)",
					"@executable_path/Frameworks",
				);
				PRODUCT_BUNDLE_IDENTIFIER = com.liaoguoyin.BluetoothPunchCard;
				PRODUCT_NAME = "$(TARGET_NAME)";
				SWIFT_VERSION = 5.0;
				TARGETED_DEVICE_FAMILY = "1,2";
			};
			name = Debug;
		};
		AFBB5132243A1A9A00D38E6E /* Release */ = {
			isa = XCBuildConfiguration;
			buildSettings = {
				ASSETCATALOG_COMPILER_APPICON_NAME = AppIcon;
				CODE_SIGN_STYLE = Automatic;
				DEVELOPMENT_ASSET_PATHS = "\"BluetoothPunchCard/Preview Content\"";
				DEVELOPMENT_TEAM = 9U62MV7448;
				ENABLE_PREVIEWS = YES;
				INFOPLIST_FILE = BluetoothPunchCard/Info.plist;
				IPHONEOS_DEPLOYMENT_TARGET = 13.0;
				LD_RUNPATH_SEARCH_PATHS = (
					"$(inherited)",
					"@executable_path/Frameworks",
				);
				PRODUCT_BUNDLE_IDENTIFIER = com.liaoguoyin.BluetoothPunchCard;
				PRODUCT_NAME = "$(TARGET_NAME)";
				SWIFT_VERSION = 5.0;
				TARGETED_DEVICE_FAMILY = "1,2";
			};
			name = Release;
		};
/* End XCBuildConfiguration section */

/* Begin XCConfigurationList section */
		AFBB5117243A1A9700D38E6E /* Build configuration list for PBXProject "BluetoothPunchCard" */ = {
			isa = XCConfigurationList;
			buildConfigurations = (
				AFBB512E243A1A9A00D38E6E /* Debug */,
				AFBB512F243A1A9A00D38E6E /* Release */,
			);
			defaultConfigurationIsVisible = 0;
			defaultConfigurationName = Release;
		};
		AFBB5130243A1A9A00D38E6E /* Build configuration list for PBXNativeTarget "BluetoothPunchCard" */ = {
			isa = XCConfigurationList;
			buildConfigurations = (
				AFBB5131243A1A9A00D38E6E /* Debug */,
				AFBB5132243A1A9A00D38E6E /* Release */,
			);
			defaultConfigurationIsVisible = 0;
			defaultConfigurationName = Release;
		};
/* End XCConfigurationList section */
	};
	rootObject = AFBB5114243A1A9700D38E6E /* Project object */;
}
