// !$*UTF8*$!
{
	archiveVersion = 1;
	classes = {
	};
	objectVersion = 50;
	objects = {

/* Begin PBXBuildFile section */
		AF24B88E24A826130065A628 /* CourseDetailStudentModel.swift in Sources */ = {isa = PBXBuildFile; fileRef = AF24B88D24A826130065A628 /* CourseDetailStudentModel.swift */; };
		AF24B89024A83F790065A628 /* CourseDetailStudentView.swift in Sources */ = {isa = PBXBuildFile; fileRef = AF24B88F24A83F790065A628 /* CourseDetailStudentView.swift */; };
		AF4E12A1246422A90004F833 /* LoginView.swift in Sources */ = {isa = PBXBuildFile; fileRef = AF4E12A0246422A90004F833 /* LoginView.swift */; };
		AF6C26442448748E006C7568 /* BLEManager.swift in Sources */ = {isa = PBXBuildFile; fileRef = AF6C26432448748E006C7568 /* BLEManager.swift */; };
		AF6C2646244876DD006C7568 /* BLEView.swift in Sources */ = {isa = PBXBuildFile; fileRef = AF6C2645244876DD006C7568 /* BLEView.swift */; };
		AF7848C2243C37ED0009964E /* CourseView.swift in Sources */ = {isa = PBXBuildFile; fileRef = AF7848C1243C37ED0009964E /* CourseView.swift */; };
		AF7848C4243C399D0009964E /* StudentFormView.swift in Sources */ = {isa = PBXBuildFile; fileRef = AF7848C3243C399D0009964E /* StudentFormView.swift */; };
		AF7848C6243C5A480009964E /* CourseRowView.swift in Sources */ = {isa = PBXBuildFile; fileRef = AF7848C5243C5A480009964E /* CourseRowView.swift */; };
		AF7848C8243C689C0009964E /* StudentRecordHistoryView.swift in Sources */ = {isa = PBXBuildFile; fileRef = AF7848C7243C689C0009964E /* StudentRecordHistoryView.swift */; };
		AF877EDE2508D7E800D5CE1A /* StudentFormViewModel.swift in Sources */ = {isa = PBXBuildFile; fileRef = AF877EDD2508D7E800D5CE1A /* StudentFormViewModel.swift */; };
		AF877EE0250922D900D5CE1A /* StudentModel.swift in Sources */ = {isa = PBXBuildFile; fileRef = AF877EDF250922D900D5CE1A /* StudentModel.swift */; };
		AF8AA9102464546E00013BA2 /* CommonView.swift in Sources */ = {isa = PBXBuildFile; fileRef = AF8AA90F2464546E00013BA2 /* CommonView.swift */; };
		AFA013C324F0C64000DE1708 /* CourseViewModel.swift in Sources */ = {isa = PBXBuildFile; fileRef = AFA013C224F0C64000DE1708 /* CourseViewModel.swift */; };
		AFA013C724F0E79700DE1708 /* CourseModel.swift in Sources */ = {isa = PBXBuildFile; fileRef = AFA013C624F0E79700DE1708 /* CourseModel.swift */; };
		AFA6BAAA24A9DBD90018C611 /* NewCourseFormView.swift in Sources */ = {isa = PBXBuildFile; fileRef = AFA6BAA924A9DBD90018C611 /* NewCourseFormView.swift */; };
		AFBB5120243A1A9700D38E6E /* AppDelegate.swift in Sources */ = {isa = PBXBuildFile; fileRef = AFBB511F243A1A9700D38E6E /* AppDelegate.swift */; };
		AFBB5122243A1A9700D38E6E /* SceneDelegate.swift in Sources */ = {isa = PBXBuildFile; fileRef = AFBB5121243A1A9700D38E6E /* SceneDelegate.swift */; };
		AFBB5124243A1A9700D38E6E /* ContentView.swift in Sources */ = {isa = PBXBuildFile; fileRef = AFBB5123243A1A9700D38E6E /* ContentView.swift */; };
		AFBB5126243A1A9A00D38E6E /* Assets.xcassets in Resources */ = {isa = PBXBuildFile; fileRef = AFBB5125243A1A9A00D38E6E /* Assets.xcassets */; };
		AFBB512C243A1A9A00D38E6E /* LaunchScreen.storyboard in Resources */ = {isa = PBXBuildFile; fileRef = AFBB512A243A1A9A00D38E6E /* LaunchScreen.storyboard */; };
		AFBB513D243A1FD400D38E6E /* AccountView.swift in Sources */ = {isa = PBXBuildFile; fileRef = AFBB513C243A1FD400D38E6E /* AccountView.swift */; };
		AFBB5141243A31CC00D38E6E /* StudentRecordView.swift in Sources */ = {isa = PBXBuildFile; fileRef = AFBB5140243A31CC00D38E6E /* StudentRecordView.swift */; };
/* End PBXBuildFile section */

/* Begin PBXFileReference section */
		AF24B88D24A826130065A628 /* CourseDetailStudentModel.swift */ = {isa = PBXFileReference; lastKnownFileType = sourcecode.swift; path = CourseDetailStudentModel.swift; sourceTree = "<group>"; };
		AF24B88F24A83F790065A628 /* CourseDetailStudentView.swift */ = {isa = PBXFileReference; lastKnownFileType = sourcecode.swift; path = CourseDetailStudentView.swift; sourceTree = "<group>"; };
		AF4E12A0246422A90004F833 /* LoginView.swift */ = {isa = PBXFileReference; lastKnownFileType = sourcecode.swift; path = LoginView.swift; sourceTree = "<group>"; };
		AF6C26432448748E006C7568 /* BLEManager.swift */ = {isa = PBXFileReference; lastKnownFileType = sourcecode.swift; path = BLEManager.swift; sourceTree = "<group>"; };
		AF6C2645244876DD006C7568 /* BLEView.swift */ = {isa = PBXFileReference; lastKnownFileType = sourcecode.swift; path = BLEView.swift; sourceTree = "<group>"; };
		AF7848C1243C37ED0009964E /* CourseView.swift */ = {isa = PBXFileReference; lastKnownFileType = sourcecode.swift; path = CourseView.swift; sourceTree = "<group>"; };
		AF7848C3243C399D0009964E /* StudentFormView.swift */ = {isa = PBXFileReference; lastKnownFileType = sourcecode.swift; path = StudentFormView.swift; sourceTree = "<group>"; };
		AF7848C5243C5A480009964E /* CourseRowView.swift */ = {isa = PBXFileReference; lastKnownFileType = sourcecode.swift; path = CourseRowView.swift; sourceTree = "<group>"; };
		AF7848C7243C689C0009964E /* StudentRecordHistoryView.swift */ = {isa = PBXFileReference; lastKnownFileType = sourcecode.swift; path = StudentRecordHistoryView.swift; sourceTree = "<group>"; };
		AF877EDD2508D7E800D5CE1A /* StudentFormViewModel.swift */ = {isa = PBXFileReference; lastKnownFileType = sourcecode.swift; path = StudentFormViewModel.swift; sourceTree = "<group>"; };
		AF877EDF250922D900D5CE1A /* StudentModel.swift */ = {isa = PBXFileReference; lastKnownFileType = sourcecode.swift; path = StudentModel.swift; sourceTree = "<group>"; };
		AF8AA90F2464546E00013BA2 /* CommonView.swift */ = {isa = PBXFileReference; lastKnownFileType = sourcecode.swift; path = CommonView.swift; sourceTree = "<group>"; };
		AFA013C224F0C64000DE1708 /* CourseViewModel.swift */ = {isa = PBXFileReference; lastKnownFileType = sourcecode.swift; path = CourseViewModel.swift; sourceTree = "<group>"; };
		AFA013C624F0E79700DE1708 /* CourseModel.swift */ = {isa = PBXFileReference; lastKnownFileType = sourcecode.swift; path = CourseModel.swift; sourceTree = "<group>"; };
		AFA6BAA924A9DBD90018C611 /* NewCourseFormView.swift */ = {isa = PBXFileReference; lastKnownFileType = sourcecode.swift; path = NewCourseFormView.swift; sourceTree = "<group>"; };
		AFBB511C243A1A9700D38E6E /* BluetoothiOS.app */ = {isa = PBXFileReference; explicitFileType = wrapper.application; includeInIndex = 0; path = BluetoothiOS.app; sourceTree = BUILT_PRODUCTS_DIR; };
		AFBB511F243A1A9700D38E6E /* AppDelegate.swift */ = {isa = PBXFileReference; lastKnownFileType = sourcecode.swift; path = AppDelegate.swift; sourceTree = "<group>"; };
		AFBB5121243A1A9700D38E6E /* SceneDelegate.swift */ = {isa = PBXFileReference; lastKnownFileType = sourcecode.swift; path = SceneDelegate.swift; sourceTree = "<group>"; };
		AFBB5123243A1A9700D38E6E /* ContentView.swift */ = {isa = PBXFileReference; lastKnownFileType = sourcecode.swift; path = ContentView.swift; sourceTree = "<group>"; };
		AFBB5125243A1A9A00D38E6E /* Assets.xcassets */ = {isa = PBXFileReference; lastKnownFileType = folder.assetcatalog; path = Assets.xcassets; sourceTree = "<group>"; };
		AFBB512B243A1A9A00D38E6E /* Base */ = {isa = PBXFileReference; lastKnownFileType = file.storyboard; name = Base; path = Base.lproj/LaunchScreen.storyboard; sourceTree = "<group>"; };
		AFBB512D243A1A9A00D38E6E /* Info.plist */ = {isa = PBXFileReference; lastKnownFileType = text.plist.xml; path = Info.plist; sourceTree = "<group>"; };
		AFBB513C243A1FD400D38E6E /* AccountView.swift */ = {isa = PBXFileReference; lastKnownFileType = sourcecode.swift; path = AccountView.swift; sourceTree = "<group>"; };
		AFBB5140243A31CC00D38E6E /* StudentRecordView.swift */ = {isa = PBXFileReference; lastKnownFileType = sourcecode.swift; path = StudentRecordView.swift; sourceTree = "<group>"; };
/* End PBXFileReference section */

/* Begin PBXFrameworksBuildPhase section */
		AFBB5119243A1A9700D38E6E /* Frameworks */ = {
			isa = PBXFrameworksBuildPhase;
			buildActionMask = 2147483647;
			files = (
			);
			runOnlyForDeploymentPostprocessing = 0;
		};
/* End PBXFrameworksBuildPhase section */

/* Begin PBXGroup section */
		AF0A487624F6AD9400ACAF4D /* Preview Content */ = {
			isa = PBXGroup;
			children = (
				AFBB5125243A1A9A00D38E6E /* Assets.xcassets */,
			);
			path = "Preview Content";
			sourceTree = "<group>";
		};
		AF5335962507B5BF00A37063 /* Public */ = {
			isa = PBXGroup;
			children = (
				AF4E12A0246422A90004F833 /* LoginView.swift */,
				AFBB513C243A1FD400D38E6E /* AccountView.swift */,
				AF8AA90F2464546E00013BA2 /* CommonView.swift */,
			);
			path = Public;
			sourceTree = "<group>";
		};
		AF6C264224487466006C7568 /* BLE */ = {
			isa = PBXGroup;
			children = (
				AF6C2645244876DD006C7568 /* BLEView.swift */,
				AF6C26432448748E006C7568 /* BLEManager.swift */,
			);
			path = BLE;
			sourceTree = "<group>";
		};
		AF7848C0243C37B10009964E /* Teacher */ = {
			isa = PBXGroup;
			children = (
				AF877EE62509325900D5CE1A /* Course */,
				AFA013C524F0E70600DE1708 /* CourseDetail */,
			);
			path = Teacher;
			sourceTree = "<group>";
		};
		AF877EE62509325900D5CE1A /* Course */ = {
			isa = PBXGroup;
			children = (
				AFA013C624F0E79700DE1708 /* CourseModel.swift */,
				AFA013C224F0C64000DE1708 /* CourseViewModel.swift */,
				AF7848C1243C37ED0009964E /* CourseView.swift */,
				AF7848C5243C5A480009964E /* CourseRowView.swift */,
				AFA6BAA924A9DBD90018C611 /* NewCourseFormView.swift */,
			);
			path = Course;
			sourceTree = "<group>";
		};
		AFA013C524F0E70600DE1708 /* CourseDetail */ = {
			isa = PBXGroup;
			children = (
				AF24B88D24A826130065A628 /* CourseDetailStudentModel.swift */,
				AF24B88F24A83F790065A628 /* CourseDetailStudentView.swift */,
			);
			path = CourseDetail;
			sourceTree = "<group>";
		};
		AFBB5113243A1A9700D38E6E = {
			isa = PBXGroup;
			children = (
				AFBB511E243A1A9700D38E6E /* BluetoothiOS */,
				AFBB511D243A1A9700D38E6E /* Products */,
			);
			sourceTree = "<group>";
		};
		AFBB511D243A1A9700D38E6E /* Products */ = {
			isa = PBXGroup;
			children = (
				AFBB511C243A1A9700D38E6E /* BluetoothiOS.app */,
			);
			name = Products;
			sourceTree = "<group>";
		};
		AFBB511E243A1A9700D38E6E /* BluetoothiOS */ = {
			isa = PBXGroup;
			children = (
				AF5335962507B5BF00A37063 /* Public */,
				AF6C264224487466006C7568 /* BLE */,
				AFBB5139243A1FA200D38E6E /* Student */,
				AF7848C0243C37B10009964E /* Teacher */,
				AFBB5135243A1B9200D38E6E /* Supportings */,
				AF0A487624F6AD9400ACAF4D /* Preview Content */,
				AFBB5123243A1A9700D38E6E /* ContentView.swift */,
				AFBB512A243A1A9A00D38E6E /* LaunchScreen.storyboard */,
				AFBB512D243A1A9A00D38E6E /* Info.plist */,
			);
			path = BluetoothiOS;
			sourceTree = "<group>";
		};
		AFBB5135243A1B9200D38E6E /* Supportings */ = {
			isa = PBXGroup;
			children = (
				AFBB511F243A1A9700D38E6E /* AppDelegate.swift */,
				AFBB5121243A1A9700D38E6E /* SceneDelegate.swift */,
			);
			path = Supportings;
			sourceTree = "<group>";
		};
		AFBB5139243A1FA200D38E6E /* Student */ = {
			isa = PBXGroup;
			children = (
				AF877EDF250922D900D5CE1A /* StudentModel.swift */,
				AF7848C3243C399D0009964E /* StudentFormView.swift */,
				AF877EDD2508D7E800D5CE1A /* StudentFormViewModel.swift */,
				AFBB5140243A31CC00D38E6E /* StudentRecordView.swift */,
				AF7848C7243C689C0009964E /* StudentRecordHistoryView.swift */,
			);
			path = Student;
			sourceTree = "<group>";
		};
/* End PBXGroup section */

/* Begin PBXNativeTarget section */
		AFBB511B243A1A9700D38E6E /* BluetoothiOS */ = {
			isa = PBXNativeTarget;
			buildConfigurationList = AFBB5130243A1A9A00D38E6E /* Build configuration list for PBXNativeTarget "BluetoothiOS" */;
			buildPhases = (
				AFBB5118243A1A9700D38E6E /* Sources */,
				AFBB5119243A1A9700D38E6E /* Frameworks */,
				AFBB511A243A1A9700D38E6E /* Resources */,
			);
			buildRules = (
			);
			dependencies = (
			);
			name = BluetoothiOS;
			packageProductDependencies = (
			);
			productName = BluetoothPunchCard;
			productReference = AFBB511C243A1A9700D38E6E /* BluetoothiOS.app */;
			productType = "com.apple.product-type.application";
		};
/* End PBXNativeTarget section */

/* Begin PBXProject section */
		AFBB5114243A1A9700D38E6E /* Project object */ = {
			isa = PBXProject;
			attributes = {
				LastSwiftUpdateCheck = 1130;
				LastUpgradeCheck = 1200;
				ORGANIZATIONNAME = LiaoGuoYin;
				TargetAttributes = {
					AFBB511B243A1A9700D38E6E = {
						CreatedOnToolsVersion = 11.3.1;
					};
				};
			};
			buildConfigurationList = AFBB5117243A1A9700D38E6E /* Build configuration list for PBXProject "BluetoothiOS" */;
			compatibilityVersion = "Xcode 9.3";
			developmentRegion = en;
			hasScannedForEncodings = 0;
			knownRegions = (
				en,
				Base,
			);
			mainGroup = AFBB5113243A1A9700D38E6E;
			packageReferences = (
			);
			productRefGroup = AFBB511D243A1A9700D38E6E /* Products */;
			projectDirPath = "";
			projectRoot = "";
			targets = (
				AFBB511B243A1A9700D38E6E /* BluetoothiOS */,
			);
		};
/* End PBXProject section */

/* Begin PBXResourcesBuildPhase section */
		AFBB511A243A1A9700D38E6E /* Resources */ = {
			isa = PBXResourcesBuildPhase;
			buildActionMask = 2147483647;
			files = (
				AFBB512C243A1A9A00D38E6E /* LaunchScreen.storyboard in Resources */,
				AFBB5126243A1A9A00D38E6E /* Assets.xcassets in Resources */,
			);
			runOnlyForDeploymentPostprocessing = 0;
		};
/* End PBXResourcesBuildPhase section */

/* Begin PBXSourcesBuildPhase section */
		AFBB5118243A1A9700D38E6E /* Sources */ = {
			isa = PBXSourcesBuildPhase;
			buildActionMask = 2147483647;
			files = (
				AF6C2646244876DD006C7568 /* BLEView.swift in Sources */,
				AF8AA9102464546E00013BA2 /* CommonView.swift in Sources */,
				AF24B89024A83F790065A628 /* CourseDetailStudentView.swift in Sources */,
				AFBB5141243A31CC00D38E6E /* StudentRecordView.swift in Sources */,
				AFBB513D243A1FD400D38E6E /* AccountView.swift in Sources */,
				AF877EDE2508D7E800D5CE1A /* StudentFormViewModel.swift in Sources */,
				AFA013C324F0C64000DE1708 /* CourseViewModel.swift in Sources */,
				AF7848C4243C399D0009964E /* StudentFormView.swift in Sources */,
				AFBB5120243A1A9700D38E6E /* AppDelegate.swift in Sources */,
				AFBB5122243A1A9700D38E6E /* SceneDelegate.swift in Sources */,
				AF4E12A1246422A90004F833 /* LoginView.swift in Sources */,
				AFA013C724F0E79700DE1708 /* CourseModel.swift in Sources */,
				AF7848C6243C5A480009964E /* CourseRowView.swift in Sources */,
				AF24B88E24A826130065A628 /* CourseDetailStudentModel.swift in Sources */,
				AFA6BAAA24A9DBD90018C611 /* NewCourseFormView.swift in Sources */,
				AF6C26442448748E006C7568 /* BLEManager.swift in Sources */,
				AF877EE0250922D900D5CE1A /* StudentModel.swift in Sources */,
				AFBB5124243A1A9700D38E6E /* ContentView.swift in Sources */,
				AF7848C8243C689C0009964E /* StudentRecordHistoryView.swift in Sources */,
				AF7848C2243C37ED0009964E /* CourseView.swift in Sources */,
			);
			runOnlyForDeploymentPostprocessing = 0;
		};
/* End PBXSourcesBuildPhase section */

/* Begin PBXVariantGroup section */
		AFBB512A243A1A9A00D38E6E /* LaunchScreen.storyboard */ = {
			isa = PBXVariantGroup;
			children = (
				AFBB512B243A1A9A00D38E6E /* Base */,
			);
			name = LaunchScreen.storyboard;
			sourceTree = "<group>";
		};
/* End PBXVariantGroup section */

/* Begin XCBuildConfiguration section */
		AFBB512E243A1A9A00D38E6E /* Debug */ = {
			isa = XCBuildConfiguration;
			buildSettings = {
				ALWAYS_SEARCH_USER_PATHS = NO;
				CLANG_ANALYZER_NONNULL = YES;
				CLANG_ANALYZER_NUMBER_OBJECT_CONVERSION = YES_AGGRESSIVE;
				CLANG_CXX_LANGUAGE_STANDARD = "gnu++14";
				CLANG_CXX_LIBRARY = "libc++";
				CLANG_ENABLE_MODULES = YES;
				CLANG_ENABLE_OBJC_ARC = YES;
				CLANG_ENABLE_OBJC_WEAK = YES;
				CLANG_WARN_BLOCK_CAPTURE_AUTORELEASING = YES;
				CLANG_WARN_BOOL_CONVERSION = YES;
				CLANG_WARN_COMMA = YES;
				CLANG_WARN_CONSTANT_CONVERSION = YES;
				CLANG_WARN_DEPRECATED_OBJC_IMPLEMENTATIONS = YES;
				CLANG_WARN_DIRECT_OBJC_ISA_USAGE = YES_ERROR;
				CLANG_WARN_DOCUMENTATION_COMMENTS = YES;
				CLANG_WARN_EMPTY_BODY = YES;
				CLANG_WARN_ENUM_CONVERSION = YES;
				CLANG_WARN_INFINITE_RECURSION = YES;
				CLANG_WARN_INT_CONVERSION = YES;
				CLANG_WARN_NON_LITERAL_NULL_CONVERSION = YES;
				CLANG_WARN_OBJC_IMPLICIT_RETAIN_SELF = YES;
				CLANG_WARN_OBJC_LITERAL_CONVERSION = YES;
				CLANG_WARN_OBJC_ROOT_CLASS = YES_ERROR;
				CLANG_WARN_QUOTED_INCLUDE_IN_FRAMEWORK_HEADER = YES;
				CLANG_WARN_RANGE_LOOP_ANALYSIS = YES;
				CLANG_WARN_STRICT_PROTOTYPES = YES;
				CLANG_WARN_SUSPICIOUS_MOVE = YES;
				CLANG_WARN_UNGUARDED_AVAILABILITY = YES_AGGRESSIVE;
				CLANG_WARN_UNREACHABLE_CODE = YES;
				CLANG_WARN__DUPLICATE_METHOD_MATCH = YES;
				COPY_PHASE_STRIP = NO;
				DEBUG_INFORMATION_FORMAT = dwarf;
				ENABLE_STRICT_OBJC_MSGSEND = YES;
				ENABLE_TESTABILITY = YES;
				GCC_C_LANGUAGE_STANDARD = gnu11;
				GCC_DYNAMIC_NO_PIC = NO;
				GCC_NO_COMMON_BLOCKS = YES;
				GCC_OPTIMIZATION_LEVEL = 0;
				GCC_PREPROCESSOR_DEFINITIONS = (
					"DEBUG=1",
					"$(inherited)",
				);
				GCC_WARN_64_TO_32_BIT_CONVERSION = YES;
				GCC_WARN_ABOUT_RETURN_TYPE = YES_ERROR;
				GCC_WARN_UNDECLARED_SELECTOR = YES;
				GCC_WARN_UNINITIALIZED_AUTOS = YES_AGGRESSIVE;
				GCC_WARN_UNUSED_FUNCTION = YES;
				GCC_WARN_UNUSED_VARIABLE = YES;
				IPHONEOS_DEPLOYMENT_TARGET = 13.0;
				MTL_ENABLE_DEBUG_INFO = INCLUDE_SOURCE;
				MTL_FAST_MATH = YES;
				ONLY_ACTIVE_ARCH = YES;
				SDKROOT = iphoneos;
				SWIFT_ACTIVE_COMPILATION_CONDITIONS = DEBUG;
				SWIFT_OPTIMIZATION_LEVEL = "-Onone";
			};
			name = Debug;
		};
		AFBB512F243A1A9A00D38E6E /* Release */ = {
			isa = XCBuildConfiguration;
			buildSettings = {
				ALWAYS_SEARCH_USER_PATHS = NO;
				CLANG_ANALYZER_NONNULL = YES;
				CLANG_ANALYZER_NUMBER_OBJECT_CONVERSION = YES_AGGRESSIVE;
				CLANG_CXX_LANGUAGE_STANDARD = "gnu++14";
				CLANG_CXX_LIBRARY = "libc++";
				CLANG_ENABLE_MODULES = YES;
				CLANG_ENABLE_OBJC_ARC = YES;
				CLANG_ENABLE_OBJC_WEAK = YES;
				CLANG_WARN_BLOCK_CAPTURE_AUTORELEASING = YES;
				CLANG_WARN_BOOL_CONVERSION = YES;
				CLANG_WARN_COMMA = YES;
				CLANG_WARN_CONSTANT_CONVERSION = YES;
				CLANG_WARN_DEPRECATED_OBJC_IMPLEMENTATIONS = YES;
				CLANG_WARN_DIRECT_OBJC_ISA_USAGE = YES_ERROR;
				CLANG_WARN_DOCUMENTATION_COMMENTS = YES;
				CLANG_WARN_EMPTY_BODY = YES;
				CLANG_WARN_ENUM_CONVERSION = YES;
				CLANG_WARN_INFINITE_RECURSION = YES;
				CLANG_WARN_INT_CONVERSION = YES;
				CLANG_WARN_NON_LITERAL_NULL_CONVERSION = YES;
				CLANG_WARN_OBJC_IMPLICIT_RETAIN_SELF = YES;
				CLANG_WARN_OBJC_LITERAL_CONVERSION = YES;
				CLANG_WARN_OBJC_ROOT_CLASS = YES_ERROR;
				CLANG_WARN_QUOTED_INCLUDE_IN_FRAMEWORK_HEADER = YES;
				CLANG_WARN_RANGE_LOOP_ANALYSIS = YES;
				CLANG_WARN_STRICT_PROTOTYPES = YES;
				CLANG_WARN_SUSPICIOUS_MOVE = YES;
				CLANG_WARN_UNGUARDED_AVAILABILITY = YES_AGGRESSIVE;
				CLANG_WARN_UNREACHABLE_CODE = YES;
				CLANG_WARN__DUPLICATE_METHOD_MATCH = YES;
				COPY_PHASE_STRIP = NO;
				DEBUG_INFORMATION_FORMAT = "dwarf-with-dsym";
				ENABLE_NS_ASSERTIONS = NO;
				ENABLE_STRICT_OBJC_MSGSEND = YES;
				GCC_C_LANGUAGE_STANDARD = gnu11;
				GCC_NO_COMMON_BLOCKS = YES;
				GCC_WARN_64_TO_32_BIT_CONVERSION = YES;
				GCC_WARN_ABOUT_RETURN_TYPE = YES_ERROR;
				GCC_WARN_UNDECLARED_SELECTOR = YES;
				GCC_WARN_UNINITIALIZED_AUTOS = YES_AGGRESSIVE;
				GCC_WARN_UNUSED_FUNCTION = YES;
				GCC_WARN_UNUSED_VARIABLE = YES;
				IPHONEOS_DEPLOYMENT_TARGET = 13.0;
				MTL_ENABLE_DEBUG_INFO = NO;
				MTL_FAST_MATH = YES;
				SDKROOT = iphoneos;
				SWIFT_COMPILATION_MODE = wholemodule;
				SWIFT_OPTIMIZATION_LEVEL = "-O";
				VALIDATE_PRODUCT = YES;
			};
			name = Release;
		};
		AFBB5131243A1A9A00D38E6E /* Debug */ = {
			isa = XCBuildConfiguration;
			buildSettings = {
				ASSETCATALOG_COMPILER_APPICON_NAME = AppIcon;
				CODE_SIGN_IDENTITY = "Apple Development";
				CODE_SIGN_STYLE = Automatic;
				DEVELOPMENT_ASSET_PATHS = "\"BluetoothiOS/Preview Content\"";
				DEVELOPMENT_TEAM = 9U62MV7448;
				ENABLE_PREVIEWS = YES;
				INFOPLIST_FILE = BluetoothiOS/Info.plist;
				IPHONEOS_DEPLOYMENT_TARGET = 13.0;
				LD_RUNPATH_SEARCH_PATHS = (
					"$(inherited)",
					"@executable_path/Frameworks",
				);
				PRODUCT_BUNDLE_IDENTIFIER = com.liaoguoyin.BluetoothiOS;
				PRODUCT_NAME = "$(TARGET_NAME)";
				PROVISIONING_PROFILE_SPECIFIER = "";
				SWIFT_VERSION = 5.0;
				TARGETED_DEVICE_FAMILY = "1,2";
			};
			name = Debug;
		};
		AFBB5132243A1A9A00D38E6E /* Release */ = {
			isa = XCBuildConfiguration;
			buildSettings = {
				ASSETCATALOG_COMPILER_APPICON_NAME = AppIcon;
				CODE_SIGN_IDENTITY = "Apple Development";
				CODE_SIGN_STYLE = Automatic;
				DEVELOPMENT_ASSET_PATHS = "\"BluetoothiOS/Preview Content\"";
				DEVELOPMENT_TEAM = 9U62MV7448;
				ENABLE_PREVIEWS = YES;
				INFOPLIST_FILE = BluetoothiOS/Info.plist;
				IPHONEOS_DEPLOYMENT_TARGET = 13.0;
				LD_RUNPATH_SEARCH_PATHS = (
					"$(inherited)",
					"@executable_path/Frameworks",
				);
				PRODUCT_BUNDLE_IDENTIFIER = com.liaoguoyin.BluetoothiOS;
				PRODUCT_NAME = "$(TARGET_NAME)";
				PROVISIONING_PROFILE_SPECIFIER = "";
				SWIFT_VERSION = 5.0;
				TARGETED_DEVICE_FAMILY = "1,2";
			};
			name = Release;
		};
/* End XCBuildConfiguration section */

/* Begin XCConfigurationList section */
		AFBB5117243A1A9700D38E6E /* Build configuration list for PBXProject "BluetoothiOS" */ = {
			isa = XCConfigurationList;
			buildConfigurations = (
				AFBB512E243A1A9A00D38E6E /* Debug */,
				AFBB512F243A1A9A00D38E6E /* Release */,
			);
			defaultConfigurationIsVisible = 0;
			defaultConfigurationName = Release;
		};
		AFBB5130243A1A9A00D38E6E /* Build configuration list for PBXNativeTarget "BluetoothiOS" */ = {
			isa = XCConfigurationList;
			buildConfigurations = (
				AFBB5131243A1A9A00D38E6E /* Debug */,
				AFBB5132243A1A9A00D38E6E /* Release */,
			);
			defaultConfigurationIsVisible = 0;
			defaultConfigurationName = Release;
		};
/* End XCConfigurationList section */
	};
	rootObject = AFBB5114243A1A9700D38E6E /* Project object */;
}
