// !$*UTF8*$!
{
	archiveVersion = 1;
	classes = {
	};
	objectVersion = 50;
	objects = {

/* Begin PBXBuildFile section */
		AF4F19A4246CC6D500C815AC /* AppDelegate.swift in Sources */ = {isa = PBXBuildFile; fileRef = AF4F19A3246CC6D500C815AC /* AppDelegate.swift */; };
		AF4F19A6246CC6D500C815AC /* SceneDelegate.swift in Sources */ = {isa = PBXBuildFile; fileRef = AF4F19A5246CC6D500C815AC /* SceneDelegate.swift */; };
		AF4F19A8246CC6D500C815AC /* ContentView.swift in Sources */ = {isa = PBXBuildFile; fileRef = AF4F19A7246CC6D500C815AC /* ContentView.swift */; };
		AF4F19AA246CC6D800C815AC /* Assets.xcassets in Resources */ = {isa = PBXBuildFile; fileRef = AF4F19A9246CC6D800C815AC /* Assets.xcassets */; };
		AF4F19AD246CC6D800C815AC /* Preview Assets.xcassets in Resources */ = {isa = PBXBuildFile; fileRef = AF4F19AC246CC6D800C815AC /* Preview Assets.xcassets */; };
		AF4F19B0246CC6D800C815AC /* LaunchScreen.storyboard in Resources */ = {isa = PBXBuildFile; fileRef = AF4F19AE246CC6D800C815AC /* LaunchScreen.storyboard */; };
/* End PBXBuildFile section */

/* Begin PBXFileReference section */
		AF4F19A0246CC6D500C815AC /* SunnyRunnerBlueTooth.app */ = {isa = PBXFileReference; explicitFileType = wrapper.application; includeInIndex = 0; path = SunnyRunnerBlueTooth.app; sourceTree = BUILT_PRODUCTS_DIR; };
		AF4F19A3246CC6D500C815AC /* AppDelegate.swift */ = {isa = PBXFileReference; lastKnownFileType = sourcecode.swift; path = AppDelegate.swift; sourceTree = "<group>"; };
		AF4F19A5246CC6D500C815AC /* SceneDelegate.swift */ = {isa = PBXFileReference; lastKnownFileType = sourcecode.swift; path = SceneDelegate.swift; sourceTree = "<group>"; };
		AF4F19A7246CC6D500C815AC /* ContentView.swift */ = {isa = PBXFileReference; lastKnownFileType = sourcecode.swift; path = ContentView.swift; sourceTree = "<group>"; };
		AF4F19A9246CC6D800C815AC /* Assets.xcassets */ = {isa = PBXFileReference; lastKnownFileType = folder.assetcatalog; path = Assets.xcassets; sourceTree = "<group>"; };
		AF4F19AC246CC6D800C815AC /* Preview Assets.xcassets */ = {isa = PBXFileReference; lastKnownFileType = folder.assetcatalog; path = "Preview Assets.xcassets"; sourceTree = "<group>"; };
		AF4F19AF246CC6D800C815AC /* Base */ = {isa = PBXFileReference; lastKnownFileType = file.storyboard; name = Base; path = Base.lproj/LaunchScreen.storyboard; sourceTree = "<group>"; };
		AF4F19B1246CC6D800C815AC /* Info.plist */ = {isa = PBXFileReference; lastKnownFileType = text.plist.xml; path = Info.plist; sourceTree = "<group>"; };
/* End PBXFileReference section */

/* Begin PBXFrameworksBuildPhase section */
		AF4F199D246CC6D500C815AC /* Frameworks */ = {
			isa = PBXFrameworksBuildPhase;
			buildActionMask = 2147483647;
			files = (
			);
			runOnlyForDeploymentPostprocessing = 0;
		};
/* End PBXFrameworksBuildPhase section */

/* Begin PBXGroup section */
		AF4F1997246CC6D500C815AC = {
			isa = PBXGroup;
			children = (
				AF4F19A2246CC6D500C815AC /* SunnyRunnerBlueTooth */,
				AF4F19A1246CC6D500C815AC /* Products */,
			);
			sourceTree = "<group>";
		};
		AF4F19A1246CC6D500C815AC /* Products */ = {
			isa = PBXGroup;
			children = (
				AF4F19A0246CC6D500C815AC /* SunnyRunnerBlueTooth.app */,
			);
			name = Products;
			sourceTree = "<group>";
		};
		AF4F19A2246CC6D500C815AC /* SunnyRunnerBlueTooth */ = {
			isa = PBXGroup;
			children = (
				AF4F19A3246CC6D500C815AC /* AppDelegate.swift */,
				AF4F19A5246CC6D500C815AC /* SceneDelegate.swift */,
				AF4F19A7246CC6D500C815AC /* ContentView.swift */,
				AF4F19A9246CC6D800C815AC /* Assets.xcassets */,
				AF4F19AE246CC6D800C815AC /* LaunchScreen.storyboard */,
				AF4F19B1246CC6D800C815AC /* Info.plist */,
				AF4F19AB246CC6D800C815AC /* Preview Content */,
			);
			path = SunnyRunnerBlueTooth;
			sourceTree = "<group>";
		};
		AF4F19AB246CC6D800C815AC /* Preview Content */ = {
			isa = PBXGroup;
			children = (
				AF4F19AC246CC6D800C815AC /* Preview Assets.xcassets */,
			);
			path = "Preview Content";
			sourceTree = "<group>";
		};
/* End PBXGroup section */

/* Begin PBXNativeTarget section */
		AF4F199F246CC6D500C815AC /* SunnyRunnerBlueTooth */ = {
			isa = PBXNativeTarget;
			buildConfigurationList = AF4F19B4246CC6D800C815AC /* Build configuration list for PBXNativeTarget "SunnyRunnerBlueTooth" */;
			buildPhases = (
				AF4F199C246CC6D500C815AC /* Sources */,
				AF4F199D246CC6D500C815AC /* Frameworks */,
				AF4F199E246CC6D500C815AC /* Resources */,
			);
			buildRules = (
			);
			dependencies = (
			);
			name = SunnyRunnerBlueTooth;
			productName = SunnyRunnerBlueTooth;
			productReference = AF4F19A0246CC6D500C815AC /* SunnyRunnerBlueTooth.app */;
			productType = "com.apple.product-type.application";
		};
/* End PBXNativeTarget section */

/* Begin PBXProject section */
		AF4F1998246CC6D500C815AC /* Project object */ = {
			isa = PBXProject;
			attributes = {
				LastSwiftUpdateCheck = 1130;
				LastUpgradeCheck = 1130;
				ORGANIZATIONNAME = LiaoGuoYin;
				TargetAttributes = {
					AF4F199F246CC6D500C815AC = {
						CreatedOnToolsVersion = 11.3.1;
					};
				};
			};
			buildConfigurationList = AF4F199B246CC6D500C815AC /* Build configuration list for PBXProject "SunnyRunnerBlueTooth" */;
			compatibilityVersion = "Xcode 9.3";
			developmentRegion = en;
			hasScannedForEncodings = 0;
			knownRegions = (
				en,
				Base,
			);
			mainGroup = AF4F1997246CC6D500C815AC;
			productRefGroup = AF4F19A1246CC6D500C815AC /* Products */;
			projectDirPath = "";
			projectRoot = "";
			targets = (
				AF4F199F246CC6D500C815AC /* SunnyRunnerBlueTooth */,
			);
		};
/* End PBXProject section */

/* Begin PBXResourcesBuildPhase section */
		AF4F199E246CC6D500C815AC /* Resources */ = {
			isa = PBXResourcesBuildPhase;
			buildActionMask = 2147483647;
			files = (
				AF4F19B0246CC6D800C815AC /* LaunchScreen.storyboard in Resources */,
				AF4F19AD246CC6D800C815AC /* Preview Assets.xcassets in Resources */,
				AF4F19AA246CC6D800C815AC /* Assets.xcassets in Resources */,
			);
			runOnlyForDeploymentPostprocessing = 0;
		};
/* End PBXResourcesBuildPhase section */

/* Begin PBXSourcesBuildPhase section */
		AF4F199C246CC6D500C815AC /* Sources */ = {
			isa = PBXSourcesBuildPhase;
			buildActionMask = 2147483647;
			files = (
				AF4F19A4246CC6D500C815AC /* AppDelegate.swift in Sources */,
				AF4F19A6246CC6D500C815AC /* SceneDelegate.swift in Sources */,
				AF4F19A8246CC6D500C815AC /* ContentView.swift in Sources */,
			);
			runOnlyForDeploymentPostprocessing = 0;
		};
/* End PBXSourcesBuildPhase section */

/* Begin PBXVariantGroup section */
		AF4F19AE246CC6D800C815AC /* LaunchScreen.storyboard */ = {
			isa = PBXVariantGroup;
			children = (
				AF4F19AF246CC6D800C815AC /* Base */,
			);
			name = LaunchScreen.storyboard;
			sourceTree = "<group>";
		};
/* End PBXVariantGroup section */

/* Begin XCBuildConfiguration section */
		AF4F19B2246CC6D800C815AC /* Debug */ = {
			isa = XCBuildConfiguration;
			buildSettings = {
				ALWAYS_SEARCH_USER_PATHS = NO;
				CLANG_ANALYZER_NONNULL = YES;
				CLANG_ANALYZER_NUMBER_OBJECT_CONVERSION = YES_AGGRESSIVE;
				CLANG_CXX_LANGUAGE_STANDARD = "gnu++14";
				CLANG_CXX_LIBRARY = "libc++";
				CLANG_ENABLE_MODULES = YES;
				CLANG_ENABLE_OBJC_ARC = YES;
				CLANG_ENABLE_OBJC_WEAK = YES;
				CLANG_WARN_BLOCK_CAPTURE_AUTORELEASING = YES;
				CLANG_WARN_BOOL_CONVERSION = YES;
				CLANG_WARN_COMMA = YES;
				CLANG_WARN_CONSTANT_CONVERSION = YES;
				CLANG_WARN_DEPRECATED_OBJC_IMPLEMENTATIONS = YES;
				CLANG_WARN_DIRECT_OBJC_ISA_USAGE = YES_ERROR;
				CLANG_WARN_DOCUMENTATION_COMMENTS = YES;
				CLANG_WARN_EMPTY_BODY = YES;
				CLANG_WARN_ENUM_CONVERSION = YES;
				CLANG_WARN_INFINITE_RECURSION = YES;
				CLANG_WARN_INT_CONVERSION = YES;
				CLANG_WARN_NON_LITERAL_NULL_CONVERSION = YES;
				CLANG_WARN_OBJC_IMPLICIT_RETAIN_SELF = YES;
				CLANG_WARN_OBJC_LITERAL_CONVERSION = YES;
				CLANG_WARN_OBJC_ROOT_CLASS = YES_ERROR;
				CLANG_WARN_RANGE_LOOP_ANALYSIS = YES;
				CLANG_WARN_STRICT_PROTOTYPES = YES;
				CLANG_WARN_SUSPICIOUS_MOVE = YES;
				CLANG_WARN_UNGUARDED_AVAILABILITY = YES_AGGRESSIVE;
				CLANG_WARN_UNREACHABLE_CODE = YES;
				CLANG_WARN__DUPLICATE_METHOD_MATCH = YES;
				COPY_PHASE_STRIP = NO;
				DEBUG_INFORMATION_FORMAT = dwarf;
				ENABLE_STRICT_OBJC_MSGSEND = YES;
				ENABLE_TESTABILITY = YES;
				GCC_C_LANGUAGE_STANDARD = gnu11;
				GCC_DYNAMIC_NO_PIC = NO;
				GCC_NO_COMMON_BLOCKS = YES;
				GCC_OPTIMIZATION_LEVEL = 0;
				GCC_PREPROCESSOR_DEFINITIONS = (
					"DEBUG=1",
					"$(inherited)",
				);
				GCC_WARN_64_TO_32_BIT_CONVERSION = YES;
				GCC_WARN_ABOUT_RETURN_TYPE = YES_ERROR;
				GCC_WARN_UNDECLARED_SELECTOR = YES;
				GCC_WARN_UNINITIALIZED_AUTOS = YES_AGGRESSIVE;
				GCC_WARN_UNUSED_FUNCTION = YES;
				GCC_WARN_UNUSED_VARIABLE = YES;
				IPHONEOS_DEPLOYMENT_TARGET = 13.2;
				MTL_ENABLE_DEBUG_INFO = INCLUDE_SOURCE;
				MTL_FAST_MATH = YES;
				ONLY_ACTIVE_ARCH = YES;
				SDKROOT = iphoneos;
				SWIFT_ACTIVE_COMPILATION_CONDITIONS = DEBUG;
				SWIFT_OPTIMIZATION_LEVEL = "-Onone";
			};
			name = Debug;
		};
		AF4F19B3246CC6D800C815AC /* Release */ = {
			isa = XCBuildConfiguration;
			buildSettings = {
				ALWAYS_SEARCH_USER_PATHS = NO;
				CLANG_ANALYZER_NONNULL = YES;
				CLANG_ANALYZER_NUMBER_OBJECT_CONVERSION = YES_AGGRESSIVE;
				CLANG_CXX_LANGUAGE_STANDARD = "gnu++14";
				CLANG_CXX_LIBRARY = "libc++";
				CLANG_ENABLE_MODULES = YES;
				CLANG_ENABLE_OBJC_ARC = YES;
				CLANG_ENABLE_OBJC_WEAK = YES;
				CLANG_WARN_BLOCK_CAPTURE_AUTORELEASING = YES;
				CLANG_WARN_BOOL_CONVERSION = YES;
				CLANG_WARN_COMMA = YES;
				CLANG_WARN_CONSTANT_CONVERSION = YES;
				CLANG_WARN_DEPRECATED_OBJC_IMPLEMENTATIONS = YES;
				CLANG_WARN_DIRECT_OBJC_ISA_USAGE = YES_ERROR;
				CLANG_WARN_DOCUMENTATION_COMMENTS = YES;
				CLANG_WARN_EMPTY_BODY = YES;
				CLANG_WARN_ENUM_CONVERSION = YES;
				CLANG_WARN_INFINITE_RECURSION = YES;
				CLANG_WARN_INT_CONVERSION = YES;
				CLANG_WARN_NON_LITERAL_NULL_CONVERSION = YES;
				CLANG_WARN_OBJC_IMPLICIT_RETAIN_SELF = YES;
				CLANG_WARN_OBJC_LITERAL_CONVERSION = YES;
				CLANG_WARN_OBJC_ROOT_CLASS = YES_ERROR;
				CLANG_WARN_RANGE_LOOP_ANALYSIS = YES;
				CLANG_WARN_STRICT_PROTOTYPES = YES;
				CLANG_WARN_SUSPICIOUS_MOVE = YES;
				CLANG_WARN_UNGUARDED_AVAILABILITY = YES_AGGRESSIVE;
				CLANG_WARN_UNREACHABLE_CODE = YES;
				CLANG_WARN__DUPLICATE_METHOD_MATCH = YES;
				COPY_PHASE_STRIP = NO;
				DEBUG_INFORMATION_FORMAT = "dwarf-with-dsym";
				ENABLE_NS_ASSERTIONS = NO;
				ENABLE_STRICT_OBJC_MSGSEND = YES;
				GCC_C_LANGUAGE_STANDARD = gnu11;
				GCC_NO_COMMON_BLOCKS = YES;
				GCC_WARN_64_TO_32_BIT_CONVERSION = YES;
				GCC_WARN_ABOUT_RETURN_TYPE = YES_ERROR;
				GCC_WARN_UNDECLARED_SELECTOR = YES;
				GCC_WARN_UNINITIALIZED_AUTOS = YES_AGGRESSIVE;
				GCC_WARN_UNUSED_FUNCTION = YES;
				GCC_WARN_UNUSED_VARIABLE = YES;
				IPHONEOS_DEPLOYMENT_TARGET = 13.2;
				MTL_ENABLE_DEBUG_INFO = NO;
				MTL_FAST_MATH = YES;
				SDKROOT = iphoneos;
				SWIFT_COMPILATION_MODE = wholemodule;
				SWIFT_OPTIMIZATION_LEVEL = "-O";
				VALIDATE_PRODUCT = YES;
			};
			name = Release;
		};
		AF4F19B5246CC6D800C815AC /* Debug */ = {
			isa = XCBuildConfiguration;
			buildSettings = {
				ASSETCATALOG_COMPILER_APPICON_NAME = AppIcon;
				CODE_SIGN_STYLE = Automatic;
				DEVELOPMENT_ASSET_PATHS = "\"SunnyRunnerBlueTooth/Preview Content\"";
				DEVELOPMENT_TEAM = 9U62MV7448;
				ENABLE_PREVIEWS = YES;
				INFOPLIST_FILE = SunnyRunnerBlueTooth/Info.plist;
				LD_RUNPATH_SEARCH_PATHS = (
					"$(inherited)",
					"@executable_path/Frameworks",
				);
				PRODUCT_BUNDLE_IDENTIFIER = com.liaoguoyin.SunnyRunnerBlueTooth;
				PRODUCT_NAME = "$(TARGET_NAME)";
				SWIFT_VERSION = 5.0;
				TARGETED_DEVICE_FAMILY = "1,2";
			};
			name = Debug;
		};
		AF4F19B6246CC6D800C815AC /* Release */ = {
			isa = XCBuildConfiguration;
			buildSettings = {
				ASSETCATALOG_COMPILER_APPICON_NAME = AppIcon;
				CODE_SIGN_STYLE = Automatic;
				DEVELOPMENT_ASSET_PATHS = "\"SunnyRunnerBlueTooth/Preview Content\"";
				DEVELOPMENT_TEAM = 9U62MV7448;
				ENABLE_PREVIEWS = YES;
				INFOPLIST_FILE = SunnyRunnerBlueTooth/Info.plist;
				LD_RUNPATH_SEARCH_PATHS = (
					"$(inherited)",
					"@executable_path/Frameworks",
				);
				PRODUCT_BUNDLE_IDENTIFIER = com.liaoguoyin.SunnyRunnerBlueTooth;
				PRODUCT_NAME = "$(TARGET_NAME)";
				SWIFT_VERSION = 5.0;
				TARGETED_DEVICE_FAMILY = "1,2";
			};
			name = Release;
		};
/* End XCBuildConfiguration section */

/* Begin XCConfigurationList section */
		AF4F199B246CC6D500C815AC /* Build configuration list for PBXProject "SunnyRunnerBlueTooth" */ = {
			isa = XCConfigurationList;
			buildConfigurations = (
				AF4F19B2246CC6D800C815AC /* Debug */,
				AF4F19B3246CC6D800C815AC /* Release */,
			);
			defaultConfigurationIsVisible = 0;
			defaultConfigurationName = Release;
		};
		AF4F19B4246CC6D800C815AC /* Build configuration list for PBXNativeTarget "SunnyRunnerBlueTooth" */ = {
			isa = XCConfigurationList;
			buildConfigurations = (
				AF4F19B5246CC6D800C815AC /* Debug */,
				AF4F19B6246CC6D800C815AC /* Release */,
			);
			defaultConfigurationIsVisible = 0;
			defaultConfigurationName = Release;
		};
/* End XCConfigurationList section */
	};
	rootObject = AF4F1998246CC6D500C815AC /* Project object */;
}
